
Microsoft Visual Studio Solution File, Format Version 12.00
# Visual Studio 15
VisualStudioVersion = 15.0.27703.2035
MinimumVisualStudioVersion = 10.0.40219.1
Project("{FAE04EC0-301F-11D3-BF4B-00C04F79EFBC}") = "App11_Mimica.Android", "App11_Mimica\App11_Mimica.Android\App11_Mimica.Android.csproj", "{87DF9C0C-3DA4-45DC-BCFB-D7B012743655}"
EndProject
Project("{FAE04EC0-301F-11D3-BF4B-00C04F79EFBC}") = "App11_Mimica.iOS", "App11_Mimica\App11_Mimica.iOS\App11_Mimica.iOS.csproj", "{4C46255B-E129-42F6-8205-02AA3C094E14}"
EndProject
Project("{FAE04EC0-301F-11D3-BF4B-00C04F79EFBC}") = "App11_Mimica.UWP", "App11_Mimica\App11_Mimica.UWP\App11_Mimica.UWP.csproj", "{14EA214D-5F58-4A0A-B53C-52F0FF73F88E}"
EndProject
Project("{FAE04EC0-301F-11D3-BF4B-00C04F79EFBC}") = "App11_Mimica", "App11_Mimica\App11_Mimica\App11_Mimica.csproj", "{A94610D7-E58C-4073-A9C3-EE1401FF7DBD}"
EndProject
Global
	GlobalSection(SolutionConfigurationPlatforms) = preSolution
		Ad-Hoc|Any CPU = Ad-Hoc|Any CPU
		Ad-Hoc|ARM = Ad-Hoc|ARM
		Ad-Hoc|iPhone = Ad-Hoc|iPhone
		Ad-Hoc|iPhoneSimulator = Ad-Hoc|iPhoneSimulator
		Ad-Hoc|x64 = Ad-Hoc|x64
		Ad-Hoc|x86 = Ad-Hoc|x86
		AppStore|Any CPU = AppStore|Any CPU
		AppStore|ARM = AppStore|ARM
		AppStore|iPhone = AppStore|iPhone
		AppStore|iPhoneSimulator = AppStore|iPhoneSimulator
		AppStore|x64 = AppStore|x64
		AppStore|x86 = AppStore|x86
		Debug|Any CPU = Debug|Any CPU
		Debug|ARM = Debug|ARM
		Debug|iPhone = Debug|iPhone
		Debug|iPhoneSimulator = Debug|iPhoneSimulator
		Debug|x64 = Debug|x64
		Debug|x86 = Debug|x86
		Release|Any CPU = Release|Any CPU
		Release|ARM = Release|ARM
		Release|iPhone = Release|iPhone
		Release|iPhoneSimulator = Release|iPhoneSimulator
		Release|x64 = Release|x64
		Release|x86 = Release|x86
	EndGlobalSection
	GlobalSection(ProjectConfigurationPlatforms) = postSolution
		{87DF9C0C-3DA4-45DC-BCFB-D7B012743655}.Ad-Hoc|Any CPU.ActiveCfg = Release|Any CPU
		{87DF9C0C-3DA4-45DC-BCFB-D7B012743655}.Ad-Hoc|Any CPU.Build.0 = Release|Any CPU
		{87DF9C0C-3DA4-45DC-BCFB-D7B012743655}.Ad-Hoc|Any CPU.Deploy.0 = Release|Any CPU
		{87DF9C0C-3DA4-45DC-BCFB-D7B012743655}.Ad-Hoc|ARM.ActiveCfg = Release|Any CPU
		{87DF9C0C-3DA4-45DC-BCFB-D7B012743655}.Ad-Hoc|ARM.Build.0 = Release|Any CPU
		{87DF9C0C-3DA4-45DC-BCFB-D7B012743655}.Ad-Hoc|ARM.Deploy.0 = Release|Any CPU
		{87DF9C0C-3DA4-45DC-BCFB-D7B012743655}.Ad-Hoc|iPhone.ActiveCfg = Release|Any CPU
		{87DF9C0C-3DA4-45DC-BCFB-D7B012743655}.Ad-Hoc|iPhone.Build.0 = Release|Any CPU
		{87DF9C0C-3DA4-45DC-BCFB-D7B012743655}.Ad-Hoc|iPhone.Deploy.0 = Release|Any CPU
		{87DF9C0C-3DA4-45DC-BCFB-D7B012743655}.Ad-Hoc|iPhoneSimulator.ActiveCfg = Release|Any CPU
		{87DF9C0C-3DA4-45DC-BCFB-D7B012743655}.Ad-Hoc|iPhoneSimulator.Build.0 = Release|Any CPU
		{87DF9C0C-3DA4-45DC-BCFB-D7B012743655}.Ad-Hoc|iPhoneSimulator.Deploy.0 = Release|Any CPU
		{87DF9C0C-3DA4-45DC-BCFB-D7B012743655}.Ad-Hoc|x64.ActiveCfg = Release|Any CPU
		{87DF9C0C-3DA4-45DC-BCFB-D7B012743655}.Ad-Hoc|x64.Build.0 = Release|Any CPU
		{87DF9C0C-3DA4-45DC-BCFB-D7B012743655}.Ad-Hoc|x64.Deploy.0 = Release|Any CPU
		{87DF9C0C-3DA4-45DC-BCFB-D7B012743655}.Ad-Hoc|x86.ActiveCfg = Release|Any CPU
		{87DF9C0C-3DA4-45DC-BCFB-D7B012743655}.Ad-Hoc|x86.Build.0 = Release|Any CPU
		{87DF9C0C-3DA4-45DC-BCFB-D7B012743655}.Ad-Hoc|x86.Deploy.0 = Release|Any CPU
		{87DF9C0C-3DA4-45DC-BCFB-D7B012743655}.AppStore|Any CPU.ActiveCfg = Release|Any CPU
		{87DF9C0C-3DA4-45DC-BCFB-D7B012743655}.AppStore|Any CPU.Build.0 = Release|Any CPU
		{87DF9C0C-3DA4-45DC-BCFB-D7B012743655}.AppStore|Any CPU.Deploy.0 = Release|Any CPU
		{87DF9C0C-3DA4-45DC-BCFB-D7B012743655}.AppStore|ARM.ActiveCfg = Release|Any CPU
		{87DF9C0C-3DA4-45DC-BCFB-D7B012743655}.AppStore|ARM.Build.0 = Release|Any CPU
		{87DF9C0C-3DA4-45DC-BCFB-D7B012743655}.AppStore|ARM.Deploy.0 = Release|Any CPU
		{87DF9C0C-3DA4-45DC-BCFB-D7B012743655}.AppStore|iPhone.ActiveCfg = Release|Any CPU
		{87DF9C0C-3DA4-45DC-BCFB-D7B012743655}.AppStore|iPhone.Build.0 = Release|Any CPU
		{87DF9C0C-3DA4-45DC-BCFB-D7B012743655}.AppStore|iPhone.Deploy.0 = Release|Any CPU
		{87DF9C0C-3DA4-45DC-BCFB-D7B012743655}.AppStore|iPhoneSimulator.ActiveCfg = Release|Any CPU
		{87DF9C0C-3DA4-45DC-BCFB-D7B012743655}.AppStore|iPhoneSimulator.Build.0 = Release|Any CPU
		{87DF9C0C-3DA4-45DC-BCFB-D7B012743655}.AppStore|iPhoneSimulator.Deploy.0 = Release|Any CPU
		{87DF9C0C-3DA4-45DC-BCFB-D7B012743655}.AppStore|x64.ActiveCfg = Release|Any CPU
		{87DF9C0C-3DA4-45DC-BCFB-D7B012743655}.AppStore|x64.Build.0 = Release|Any CPU
		{87DF9C0C-3DA4-45DC-BCFB-D7B012743655}.AppStore|x64.Deploy.0 = Release|Any CPU
		{87DF9C0C-3DA4-45DC-BCFB-D7B012743655}.AppStore|x86.ActiveCfg = Release|Any CPU
		{87DF9C0C-3DA4-45DC-BCFB-D7B012743655}.AppStore|x86.Build.0 = Release|Any CPU
		{87DF9C0C-3DA4-45DC-BCFB-D7B012743655}.AppStore|x86.Deploy.0 = Release|Any CPU
		{87DF9C0C-3DA4-45DC-BCFB-D7B012743655}.Debug|Any CPU.ActiveCfg = Debug|Any CPU
		{87DF9C0C-3DA4-45DC-BCFB-D7B012743655}.Debug|Any CPU.Build.0 = Debug|Any CPU
		{87DF9C0C-3DA4-45DC-BCFB-D7B012743655}.Debug|Any CPU.Deploy.0 = Debug|Any CPU
		{87DF9C0C-3DA4-45DC-BCFB-D7B012743655}.Debug|ARM.ActiveCfg = Debug|Any CPU
		{87DF9C0C-3DA4-45DC-BCFB-D7B012743655}.Debug|ARM.Build.0 = Debug|Any CPU
		{87DF9C0C-3DA4-45DC-BCFB-D7B012743655}.Debug|ARM.Deploy.0 = Debug|Any CPU
		{87DF9C0C-3DA4-45DC-BCFB-D7B012743655}.Debug|iPhone.ActiveCfg = Debug|Any CPU
		{87DF9C0C-3DA4-45DC-BCFB-D7B012743655}.Debug|iPhone.Build.0 = Debug|Any CPU
		{87DF9C0C-3DA4-45DC-BCFB-D7B012743655}.Debug|iPhone.Deploy.0 = Debug|Any CPU
		{87DF9C0C-3DA4-45DC-BCFB-D7B012743655}.Debug|iPhoneSimulator.ActiveCfg = Debug|Any CPU
		{87DF9C0C-3DA4-45DC-BCFB-D7B012743655}.Debug|iPhoneSimulator.Build.0 = Debug|Any CPU
		{87DF9C0C-3DA4-45DC-BCFB-D7B012743655}.Debug|iPhoneSimulator.Deploy.0 = Debug|Any CPU
		{87DF9C0C-3DA4-45DC-BCFB-D7B012743655}.Debug|x64.ActiveCfg = Debug|Any CPU
		{87DF9C0C-3DA4-45DC-BCFB-D7B012743655}.Debug|x64.Build.0 = Debug|Any CPU
		{87DF9C0C-3DA4-45DC-BCFB-D7B012743655}.Debug|x64.Deploy.0 = Debug|Any CPU
		{87DF9C0C-3DA4-45DC-BCFB-D7B012743655}.Debug|x86.ActiveCfg = Debug|Any CPU
		{87DF9C0C-3DA4-45DC-BCFB-D7B012743655}.Debug|x86.Build.0 = Debug|Any CPU
		{87DF9C0C-3DA4-45DC-BCFB-D7B012743655}.Debug|x86.Deploy.0 = Debug|Any CPU
		{87DF9C0C-3DA4-45DC-BCFB-D7B012743655}.Release|Any CPU.ActiveCfg = Release|Any CPU
		{87DF9C0C-3DA4-45DC-BCFB-D7B012743655}.Release|Any CPU.Build.0 = Release|Any CPU
		{87DF9C0C-3DA4-45DC-BCFB-D7B012743655}.Release|Any CPU.Deploy.0 = Release|Any CPU
		{87DF9C0C-3DA4-45DC-BCFB-D7B012743655}.Release|ARM.ActiveCfg = Release|Any CPU
		{87DF9C0C-3DA4-45DC-BCFB-D7B012743655}.Release|ARM.Build.0 = Release|Any CPU
		{87DF9C0C-3DA4-45DC-BCFB-D7B012743655}.Release|ARM.Deploy.0 = Release|Any CPU
		{87DF9C0C-3DA4-45DC-BCFB-D7B012743655}.Release|iPhone.ActiveCfg = Release|Any CPU
		{87DF9C0C-3DA4-45DC-BCFB-D7B012743655}.Release|iPhone.Build.0 = Release|Any CPU
		{87DF9C0C-3DA4-45DC-BCFB-D7B012743655}.Release|iPhone.Deploy.0 = Release|Any CPU
		{87DF9C0C-3DA4-45DC-BCFB-D7B012743655}.Release|iPhoneSimulator.ActiveCfg = Release|Any CPU
		{87DF9C0C-3DA4-45DC-BCFB-D7B012743655}.Release|iPhoneSimulator.Build.0 = Release|Any CPU
		{87DF9C0C-3DA4-45DC-BCFB-D7B012743655}.Release|iPhoneSimulator.Deploy.0 = Release|Any CPU
		{87DF9C0C-3DA4-45DC-BCFB-D7B012743655}.Release|x64.ActiveCfg = Release|Any CPU
		{87DF9C0C-3DA4-45DC-BCFB-D7B012743655}.Release|x64.Build.0 = Release|Any CPU
		{87DF9C0C-3DA4-45DC-BCFB-D7B012743655}.Release|x64.Deploy.0 = Release|Any CPU
		{87DF9C0C-3DA4-45DC-BCFB-D7B012743655}.Release|x86.ActiveCfg = Release|Any CPU
		{87DF9C0C-3DA4-45DC-BCFB-D7B012743655}.Release|x86.Build.0 = Release|Any CPU
		{87DF9C0C-3DA4-45DC-BCFB-D7B012743655}.Release|x86.Deploy.0 = Release|Any CPU
		{4C46255B-E129-42F6-8205-02AA3C094E14}.Ad-Hoc|Any CPU.ActiveCfg = Ad-Hoc|iPhone
		{4C46255B-E129-42F6-8205-02AA3C094E14}.Ad-Hoc|Any CPU.Build.0 = Ad-Hoc|iPhone
		{4C46255B-E129-42F6-8205-02AA3C094E14}.Ad-Hoc|Any CPU.Deploy.0 = Ad-Hoc|iPhone
		{4C46255B-E129-42F6-8205-02AA3C094E14}.Ad-Hoc|ARM.ActiveCfg = Ad-Hoc|iPhone
		{4C46255B-E129-42F6-8205-02AA3C094E14}.Ad-Hoc|ARM.Build.0 = Ad-Hoc|iPhone
		{4C46255B-E129-42F6-8205-02AA3C094E14}.Ad-Hoc|ARM.Deploy.0 = Ad-Hoc|iPhone
		{4C46255B-E129-42F6-8205-02AA3C094E14}.Ad-Hoc|iPhone.ActiveCfg = Ad-Hoc|iPhone
		{4C46255B-E129-42F6-8205-02AA3C094E14}.Ad-Hoc|iPhone.Build.0 = Ad-Hoc|iPhone
		{4C46255B-E129-42F6-8205-02AA3C094E14}.Ad-Hoc|iPhone.Deploy.0 = Ad-Hoc|iPhone
		{4C46255B-E129-42F6-8205-02AA3C094E14}.Ad-Hoc|iPhoneSimulator.ActiveCfg = Ad-Hoc|iPhoneSimulator
		{4C46255B-E129-42F6-8205-02AA3C094E14}.Ad-Hoc|iPhoneSimulator.Build.0 = Ad-Hoc|iPhoneSimulator
		{4C46255B-E129-42F6-8205-02AA3C094E14}.Ad-Hoc|iPhoneSimulator.Deploy.0 = Ad-Hoc|iPhoneSimulator
		{4C46255B-E129-42F6-8205-02AA3C094E14}.Ad-Hoc|x64.ActiveCfg = Ad-Hoc|iPhone
		{4C46255B-E129-42F6-8205-02AA3C094E14}.Ad-Hoc|x64.Build.0 = Ad-Hoc|iPhone
		{4C46255B-E129-42F6-8205-02AA3C094E14}.Ad-Hoc|x64.Deploy.0 = Ad-Hoc|iPhone
		{4C46255B-E129-42F6-8205-02AA3C094E14}.Ad-Hoc|x86.ActiveCfg = Ad-Hoc|iPhone
		{4C46255B-E129-42F6-8205-02AA3C094E14}.Ad-Hoc|x86.Build.0 = Ad-Hoc|iPhone
		{4C46255B-E129-42F6-8205-02AA3C094E14}.Ad-Hoc|x86.Deploy.0 = Ad-Hoc|iPhone
		{4C46255B-E129-42F6-8205-02AA3C094E14}.AppStore|Any CPU.ActiveCfg = AppStore|iPhone
		{4C46255B-E129-42F6-8205-02AA3C094E14}.AppStore|Any CPU.Build.0 = AppStore|iPhone
		{4C46255B-E129-42F6-8205-02AA3C094E14}.AppStore|Any CPU.Deploy.0 = AppStore|iPhone
		{4C46255B-E129-42F6-8205-02AA3C094E14}.AppStore|ARM.ActiveCfg = AppStore|iPhone
		{4C46255B-E129-42F6-8205-02AA3C094E14}.AppStore|ARM.Build.0 = AppStore|iPhone
		{4C46255B-E129-42F6-8205-02AA3C094E14}.AppStore|ARM.Deploy.0 = AppStore|iPhone
		{4C46255B-E129-42F6-8205-02AA3C094E14}.AppStore|iPhone.ActiveCfg = AppStore|iPhone
		{4C46255B-E129-42F6-8205-02AA3C094E14}.AppStore|iPhone.Build.0 = AppStore|iPhone
		{4C46255B-E129-42F6-8205-02AA3C094E14}.AppStore|iPhone.Deploy.0 = AppStore|iPhone
		{4C46255B-E129-42F6-8205-02AA3C094E14}.AppStore|iPhoneSimulator.ActiveCfg = AppStore|iPhoneSimulator
		{4C46255B-E129-42F6-8205-02AA3C094E14}.AppStore|iPhoneSimulator.Build.0 = AppStore|iPhoneSimulator
		{4C46255B-E129-42F6-8205-02AA3C094E14}.AppStore|iPhoneSimulator.Deploy.0 = AppStore|iPhoneSimulator
		{4C46255B-E129-42F6-8205-02AA3C094E14}.AppStore|x64.ActiveCfg = AppStore|iPhone
		{4C46255B-E129-42F6-8205-02AA3C094E14}.AppStore|x64.Build.0 = AppStore|iPhone
		{4C46255B-E129-42F6-8205-02AA3C094E14}.AppStore|x64.Deploy.0 = AppStore|iPhone
		{4C46255B-E129-42F6-8205-02AA3C094E14}.AppStore|x86.ActiveCfg = AppStore|iPhone
		{4C46255B-E129-42F6-8205-02AA3C094E14}.AppStore|x86.Build.0 = AppStore|iPhone
		{4C46255B-E129-42F6-8205-02AA3C094E14}.AppStore|x86.Deploy.0 = AppStore|iPhone
		{4C46255B-E129-42F6-8205-02AA3C094E14}.Debug|Any CPU.ActiveCfg = Debug|iPhoneSimulator
		{4C46255B-E129-42F6-8205-02AA3C094E14}.Debug|Any CPU.Build.0 = Debug|iPhoneSimulator
		{4C46255B-E129-42F6-8205-02AA3C094E14}.Debug|Any CPU.Deploy.0 = Debug|iPhoneSimulator
		{4C46255B-E129-42F6-8205-02AA3C094E14}.Debug|ARM.ActiveCfg = Debug|iPhone
		{4C46255B-E129-42F6-8205-02AA3C094E14}.Debug|ARM.Build.0 = Debug|iPhone
		{4C46255B-E129-42F6-8205-02AA3C094E14}.Debug|ARM.Deploy.0 = Debug|iPhone
		{4C46255B-E129-42F6-8205-02AA3C094E14}.Debug|iPhone.ActiveCfg = Debug|iPhone
		{4C46255B-E129-42F6-8205-02AA3C094E14}.Debug|iPhone.Build.0 = Debug|iPhone
		{4C46255B-E129-42F6-8205-02AA3C094E14}.Debug|iPhone.Deploy.0 = Debug|iPhone
		{4C46255B-E129-42F6-8205-02AA3C094E14}.Debug|iPhoneSimulator.ActiveCfg = Debug|iPhoneSimulator
		{4C46255B-E129-42F6-8205-02AA3C094E14}.Debug|iPhoneSimulator.Build.0 = Debug|iPhoneSimulator
		{4C46255B-E129-42F6-8205-02AA3C094E14}.Debug|iPhoneSimulator.Deploy.0 = Debug|iPhoneSimulator
		{4C46255B-E129-42F6-8205-02AA3C094E14}.Debug|x64.ActiveCfg = Debug|iPhone
		{4C46255B-E129-42F6-8205-02AA3C094E14}.Debug|x64.Build.0 = Debug|iPhone
		{4C46255B-E129-42F6-8205-02AA3C094E14}.Debug|x64.Deploy.0 = Debug|iPhone
		{4C46255B-E129-42F6-8205-02AA3C094E14}.Debug|x86.ActiveCfg = Debug|iPhone
		{4C46255B-E129-42F6-8205-02AA3C094E14}.Debug|x86.Build.0 = Debug|iPhone
		{4C46255B-E129-42F6-8205-02AA3C094E14}.Debug|x86.Deploy.0 = Debug|iPhone
		{4C46255B-E129-42F6-8205-02AA3C094E14}.Release|Any CPU.ActiveCfg = Release|iPhone
		{4C46255B-E129-42F6-8205-02AA3C094E14}.Release|Any CPU.Build.0 = Release|iPhone
		{4C46255B-E129-42F6-8205-02AA3C094E14}.Release|Any CPU.Deploy.0 = Release|iPhone
		{4C46255B-E129-42F6-8205-02AA3C094E14}.Release|ARM.ActiveCfg = Release|iPhone
		{4C46255B-E129-42F6-8205-02AA3C094E14}.Release|ARM.Build.0 = Release|iPhone
		{4C46255B-E129-42F6-8205-02AA3C094E14}.Release|ARM.Deploy.0 = Release|iPhone
		{4C46255B-E129-42F6-8205-02AA3C094E14}.Release|iPhone.ActiveCfg = Release|iPhone
		{4C46255B-E129-42F6-8205-02AA3C094E14}.Release|iPhone.Build.0 = Release|iPhone
		{4C46255B-E129-42F6-8205-02AA3C094E14}.Release|iPhone.Deploy.0 = Release|iPhone
		{4C46255B-E129-42F6-8205-02AA3C094E14}.Release|iPhoneSimulator.ActiveCfg = Release|iPhoneSimulator
		{4C46255B-E129-42F6-8205-02AA3C094E14}.Release|iPhoneSimulator.Build.0 = Release|iPhoneSimulator
		{4C46255B-E129-42F6-8205-02AA3C094E14}.Release|iPhoneSimulator.Deploy.0 = Release|iPhoneSimulator
		{4C46255B-E129-42F6-8205-02AA3C094E14}.Release|x64.ActiveCfg = Release|iPhone
		{4C46255B-E129-42F6-8205-02AA3C094E14}.Release|x64.Build.0 = Release|iPhone
		{4C46255B-E129-42F6-8205-02AA3C094E14}.Release|x64.Deploy.0 = Release|iPhone
		{4C46255B-E129-42F6-8205-02AA3C094E14}.Release|x86.ActiveCfg = Release|iPhone
		{4C46255B-E129-42F6-8205-02AA3C094E14}.Release|x86.Build.0 = Release|iPhone
		{4C46255B-E129-42F6-8205-02AA3C094E14}.Release|x86.Deploy.0 = Release|iPhone
		{14EA214D-5F58-4A0A-B53C-52F0FF73F88E}.Ad-Hoc|Any CPU.ActiveCfg = Release|x86
		{14EA214D-5F58-4A0A-B53C-52F0FF73F88E}.Ad-Hoc|Any CPU.Build.0 = Release|x86
		{14EA214D-5F58-4A0A-B53C-52F0FF73F88E}.Ad-Hoc|Any CPU.Deploy.0 = Release|x86
		{14EA214D-5F58-4A0A-B53C-52F0FF73F88E}.Ad-Hoc|ARM.ActiveCfg = Release|ARM
		{14EA214D-5F58-4A0A-B53C-52F0FF73F88E}.Ad-Hoc|ARM.Build.0 = Release|ARM
		{14EA214D-5F58-4A0A-B53C-52F0FF73F88E}.Ad-Hoc|ARM.Deploy.0 = Release|ARM
		{14EA214D-5F58-4A0A-B53C-52F0FF73F88E}.Ad-Hoc|iPhone.ActiveCfg = Release|x86
		{14EA214D-5F58-4A0A-B53C-52F0FF73F88E}.Ad-Hoc|iPhone.Build.0 = Release|x86
		{14EA214D-5F58-4A0A-B53C-52F0FF73F88E}.Ad-Hoc|iPhone.Deploy.0 = Release|x86
		{14EA214D-5F58-4A0A-B53C-52F0FF73F88E}.Ad-Hoc|iPhoneSimulator.ActiveCfg = Release|x86
		{14EA214D-5F58-4A0A-B53C-52F0FF73F88E}.Ad-Hoc|iPhoneSimulator.Build.0 = Release|x86
		{14EA214D-5F58-4A0A-B53C-52F0FF73F88E}.Ad-Hoc|iPhoneSimulator.Deploy.0 = Release|x86
		{14EA214D-5F58-4A0A-B53C-52F0FF73F88E}.Ad-Hoc|x64.ActiveCfg = Release|x64
		{14EA214D-5F58-4A0A-B53C-52F0FF73F88E}.Ad-Hoc|x64.Build.0 = Release|x64
		{14EA214D-5F58-4A0A-B53C-52F0FF73F88E}.Ad-Hoc|x64.Deploy.0 = Release|x64
		{14EA214D-5F58-4A0A-B53C-52F0FF73F88E}.Ad-Hoc|x86.ActiveCfg = Release|x86
		{14EA214D-5F58-4A0A-B53C-52F0FF73F88E}.Ad-Hoc|x86.Build.0 = Release|x86
		{14EA214D-5F58-4A0A-B53C-52F0FF73F88E}.Ad-Hoc|x86.Deploy.0 = Release|x86
		{14EA214D-5F58-4A0A-B53C-52F0FF73F88E}.AppStore|Any CPU.ActiveCfg = Release|x86
		{14EA214D-5F58-4A0A-B53C-52F0FF73F88E}.AppStore|Any CPU.Build.0 = Release|x86
		{14EA214D-5F58-4A0A-B53C-52F0FF73F88E}.AppStore|Any CPU.Deploy.0 = Release|x86
		{14EA214D-5F58-4A0A-B53C-52F0FF73F88E}.AppStore|ARM.ActiveCfg = Release|ARM
		{14EA214D-5F58-4A0A-B53C-52F0FF73F88E}.AppStore|ARM.Build.0 = Release|ARM
		{14EA214D-5F58-4A0A-B53C-52F0FF73F88E}.AppStore|ARM.Deploy.0 = Release|ARM
		{14EA214D-5F58-4A0A-B53C-52F0FF73F88E}.AppStore|iPhone.ActiveCfg = Release|x86
		{14EA214D-5F58-4A0A-B53C-52F0FF73F88E}.AppStore|iPhone.Build.0 = Release|x86
		{14EA214D-5F58-4A0A-B53C-52F0FF73F88E}.AppStore|iPhone.Deploy.0 = Release|x86
		{14EA214D-5F58-4A0A-B53C-52F0FF73F88E}.AppStore|iPhoneSimulator.ActiveCfg = Release|x86
		{14EA214D-5F58-4A0A-B53C-52F0FF73F88E}.AppStore|iPhoneSimulator.Build.0 = Release|x86
		{14EA214D-5F58-4A0A-B53C-52F0FF73F88E}.AppStore|iPhoneSimulator.Deploy.0 = Release|x86
		{14EA214D-5F58-4A0A-B53C-52F0FF73F88E}.AppStore|x64.ActiveCfg = Release|x64
		{14EA214D-5F58-4A0A-B53C-52F0FF73F88E}.AppStore|x64.Build.0 = Release|x64
		{14EA214D-5F58-4A0A-B53C-52F0FF73F88E}.AppStore|x64.Deploy.0 = Release|x64
		{14EA214D-5F58-4A0A-B53C-52F0FF73F88E}.AppStore|x86.ActiveCfg = Release|x86
		{14EA214D-5F58-4A0A-B53C-52F0FF73F88E}.AppStore|x86.Build.0 = Release|x86
		{14EA214D-5F58-4A0A-B53C-52F0FF73F88E}.AppStore|x86.Deploy.0 = Release|x86
		{14EA214D-5F58-4A0A-B53C-52F0FF73F88E}.Debug|Any CPU.ActiveCfg = Debug|x86
		{14EA214D-5F58-4A0A-B53C-52F0FF73F88E}.Debug|Any CPU.Build.0 = Debug|x86
		{14EA214D-5F58-4A0A-B53C-52F0FF73F88E}.Debug|Any CPU.Deploy.0 = Debug|x86
		{14EA214D-5F58-4A0A-B53C-52F0FF73F88E}.Debug|ARM.ActiveCfg = Debug|ARM
		{14EA214D-5F58-4A0A-B53C-52F0FF73F88E}.Debug|ARM.Build.0 = Debug|ARM
		{14EA214D-5F58-4A0A-B53C-52F0FF73F88E}.Debug|ARM.Deploy.0 = Debug|ARM
		{14EA214D-5F58-4A0A-B53C-52F0FF73F88E}.Debug|iPhone.ActiveCfg = Debug|x86
		{14EA214D-5F58-4A0A-B53C-52F0FF73F88E}.Debug|iPhone.Build.0 = Debug|x86
		{14EA214D-5F58-4A0A-B53C-52F0FF73F88E}.Debug|iPhone.Deploy.0 = Debug|x86
		{14EA214D-5F58-4A0A-B53C-52F0FF73F88E}.Debug|iPhoneSimulator.ActiveCfg = Debug|x86
		{14EA214D-5F58-4A0A-B53C-52F0FF73F88E}.Debug|iPhoneSimulator.Build.0 = Debug|x86
		{14EA214D-5F58-4A0A-B53C-52F0FF73F88E}.Debug|iPhoneSimulator.Deploy.0 = Debug|x86
		{14EA214D-5F58-4A0A-B53C-52F0FF73F88E}.Debug|x64.ActiveCfg = Debug|x64
		{14EA214D-5F58-4A0A-B53C-52F0FF73F88E}.Debug|x64.Build.0 = Debug|x64
		{14EA214D-5F58-4A0A-B53C-52F0FF73F88E}.Debug|x64.Deploy.0 = Debug|x64
		{14EA214D-5F58-4A0A-B53C-52F0FF73F88E}.Debug|x86.ActiveCfg = Debug|x86
		{14EA214D-5F58-4A0A-B53C-52F0FF73F88E}.Debug|x86.Build.0 = Debug|x86
		{14EA214D-5F58-4A0A-B53C-52F0FF73F88E}.Debug|x86.Deploy.0 = Debug|x86
		{14EA214D-5F58-4A0A-B53C-52F0FF73F88E}.Release|Any CPU.ActiveCfg = Release|x86
		{14EA214D-5F58-4A0A-B53C-52F0FF73F88E}.Release|Any CPU.Build.0 = Release|x86
		{14EA214D-5F58-4A0A-B53C-52F0FF73F88E}.Release|Any CPU.Deploy.0 = Release|x86
		{14EA214D-5F58-4A0A-B53C-52F0FF73F88E}.Release|ARM.ActiveCfg = Release|ARM
		{14EA214D-5F58-4A0A-B53C-52F0FF73F88E}.Release|ARM.Build.0 = Release|ARM
		{14EA214D-5F58-4A0A-B53C-52F0FF73F88E}.Release|ARM.Deploy.0 = Release|ARM
		{14EA214D-5F58-4A0A-B53C-52F0FF73F88E}.Release|iPhone.ActiveCfg = Release|x86
		{14EA214D-5F58-4A0A-B53C-52F0FF73F88E}.Release|iPhone.Build.0 = Release|x86
		{14EA214D-5F58-4A0A-B53C-52F0FF73F88E}.Release|iPhone.Deploy.0 = Release|x86
		{14EA214D-5F58-4A0A-B53C-52F0FF73F88E}.Release|iPhoneSimulator.ActiveCfg = Release|x86
		{14EA214D-5F58-4A0A-B53C-52F0FF73F88E}.Release|iPhoneSimulator.Build.0 = Release|x86
		{14EA214D-5F58-4A0A-B53C-52F0FF73F88E}.Release|iPhoneSimulator.Deploy.0 = Release|x86
		{14EA214D-5F58-4A0A-B53C-52F0FF73F88E}.Release|x64.ActiveCfg = Release|x64
		{14EA214D-5F58-4A0A-B53C-52F0FF73F88E}.Release|x64.Build.0 = Release|x64
		{14EA214D-5F58-4A0A-B53C-52F0FF73F88E}.Release|x64.Deploy.0 = Release|x64
		{14EA214D-5F58-4A0A-B53C-52F0FF73F88E}.Release|x86.ActiveCfg = Release|x86
		{14EA214D-5F58-4A0A-B53C-52F0FF73F88E}.Release|x86.Build.0 = Release|x86
		{14EA214D-5F58-4A0A-B53C-52F0FF73F88E}.Release|x86.Deploy.0 = Release|x86
		{A94610D7-E58C-4073-A9C3-EE1401FF7DBD}.Ad-Hoc|Any CPU.ActiveCfg = Debug|Any CPU
		{A94610D7-E58C-4073-A9C3-EE1401FF7DBD}.Ad-Hoc|Any CPU.Build.0 = Debug|Any CPU
		{A94610D7-E58C-4073-A9C3-EE1401FF7DBD}.Ad-Hoc|Any CPU.Deploy.0 = Debug|Any CPU
		{A94610D7-E58C-4073-A9C3-EE1401FF7DBD}.Ad-Hoc|ARM.ActiveCfg = Debug|Any CPU
		{A94610D7-E58C-4073-A9C3-EE1401FF7DBD}.Ad-Hoc|ARM.Build.0 = Debug|Any CPU
		{A94610D7-E58C-4073-A9C3-EE1401FF7DBD}.Ad-Hoc|ARM.Deploy.0 = Debug|Any CPU
		{A94610D7-E58C-4073-A9C3-EE1401FF7DBD}.Ad-Hoc|iPhone.ActiveCfg = Debug|Any CPU
		{A94610D7-E58C-4073-A9C3-EE1401FF7DBD}.Ad-Hoc|iPhone.Build.0 = Debug|Any CPU
		{A94610D7-E58C-4073-A9C3-EE1401FF7DBD}.Ad-Hoc|iPhone.Deploy.0 = Debug|Any CPU
		{A94610D7-E58C-4073-A9C3-EE1401FF7DBD}.Ad-Hoc|iPhoneSimulator.ActiveCfg = Debug|Any CPU
		{A94610D7-E58C-4073-A9C3-EE1401FF7DBD}.Ad-Hoc|iPhoneSimulator.Build.0 = Debug|Any CPU
		{A94610D7-E58C-4073-A9C3-EE1401FF7DBD}.Ad-Hoc|iPhoneSimulator.Deploy.0 = Debug|Any CPU
		{A94610D7-E58C-4073-A9C3-EE1401FF7DBD}.Ad-Hoc|x64.ActiveCfg = Debug|Any CPU
		{A94610D7-E58C-4073-A9C3-EE1401FF7DBD}.Ad-Hoc|x64.Build.0 = Debug|Any CPU
		{A94610D7-E58C-4073-A9C3-EE1401FF7DBD}.Ad-Hoc|x64.Deploy.0 = Debug|Any CPU
		{A94610D7-E58C-4073-A9C3-EE1401FF7DBD}.Ad-Hoc|x86.ActiveCfg = Debug|Any CPU
		{A94610D7-E58C-4073-A9C3-EE1401FF7DBD}.Ad-Hoc|x86.Build.0 = Debug|Any CPU
		{A94610D7-E58C-4073-A9C3-EE1401FF7DBD}.Ad-Hoc|x86.Deploy.0 = Debug|Any CPU
		{A94610D7-E58C-4073-A9C3-EE1401FF7DBD}.AppStore|Any CPU.ActiveCfg = Debug|Any CPU
		{A94610D7-E58C-4073-A9C3-EE1401FF7DBD}.AppStore|Any CPU.Build.0 = Debug|Any CPU
		{A94610D7-E58C-4073-A9C3-EE1401FF7DBD}.AppStore|Any CPU.Deploy.0 = Debug|Any CPU
		{A94610D7-E58C-4073-A9C3-EE1401FF7DBD}.AppStore|ARM.ActiveCfg = Debug|Any CPU
		{A94610D7-E58C-4073-A9C3-EE1401FF7DBD}.AppStore|ARM.Build.0 = Debug|Any CPU
		{A94610D7-E58C-4073-A9C3-EE1401FF7DBD}.AppStore|ARM.Deploy.0 = Debug|Any CPU
		{A94610D7-E58C-4073-A9C3-EE1401FF7DBD}.AppStore|iPhone.ActiveCfg = Debug|Any CPU
		{A94610D7-E58C-4073-A9C3-EE1401FF7DBD}.AppStore|iPhone.Build.0 = Debug|Any CPU
		{A94610D7-E58C-4073-A9C3-EE1401FF7DBD}.AppStore|iPhone.Deploy.0 = Debug|Any CPU
		{A94610D7-E58C-4073-A9C3-EE1401FF7DBD}.AppStore|iPhoneSimulator.ActiveCfg = Debug|Any CPU
		{A94610D7-E58C-4073-A9C3-EE1401FF7DBD}.AppStore|iPhoneSimulator.Build.0 = Debug|Any CPU
		{A94610D7-E58C-4073-A9C3-EE1401FF7DBD}.AppStore|iPhoneSimulator.Deploy.0 = Debug|Any CPU
		{A94610D7-E58C-4073-A9C3-EE1401FF7DBD}.AppStore|x64.ActiveCfg = Debug|Any CPU
		{A94610D7-E58C-4073-A9C3-EE1401FF7DBD}.AppStore|x64.Build.0 = Debug|Any CPU
		{A94610D7-E58C-4073-A9C3-EE1401FF7DBD}.AppStore|x64.Deploy.0 = Debug|Any CPU
		{A94610D7-E58C-4073-A9C3-EE1401FF7DBD}.AppStore|x86.ActiveCfg = Debug|Any CPU
		{A94610D7-E58C-4073-A9C3-EE1401FF7DBD}.AppStore|x86.Build.0 = Debug|Any CPU
		{A94610D7-E58C-4073-A9C3-EE1401FF7DBD}.AppStore|x86.Deploy.0 = Debug|Any CPU
		{A94610D7-E58C-4073-A9C3-EE1401FF7DBD}.Debug|Any CPU.ActiveCfg = Debug|Any CPU
		{A94610D7-E58C-4073-A9C3-EE1401FF7DBD}.Debug|Any CPU.Build.0 = Debug|Any CPU
		{A94610D7-E58C-4073-A9C3-EE1401FF7DBD}.Debug|Any CPU.Deploy.0 = Debug|Any CPU
		{A94610D7-E58C-4073-A9C3-EE1401FF7DBD}.Debug|ARM.ActiveCfg = Debug|Any CPU
		{A94610D7-E58C-4073-A9C3-EE1401FF7DBD}.Debug|ARM.Build.0 = Debug|Any CPU
		{A94610D7-E58C-4073-A9C3-EE1401FF7DBD}.Debug|ARM.Deploy.0 = Debug|Any CPU
		{A94610D7-E58C-4073-A9C3-EE1401FF7DBD}.Debug|iPhone.ActiveCfg = Debug|Any CPU
		{A94610D7-E58C-4073-A9C3-EE1401FF7DBD}.Debug|iPhone.Build.0 = Debug|Any CPU
		{A94610D7-E58C-4073-A9C3-EE1401FF7DBD}.Debug|iPhone.Deploy.0 = Debug|Any CPU
		{A94610D7-E58C-4073-A9C3-EE1401FF7DBD}.Debug|iPhoneSimulator.ActiveCfg = Debug|Any CPU
		{A94610D7-E58C-4073-A9C3-EE1401FF7DBD}.Debug|iPhoneSimulator.Build.0 = Debug|Any CPU
		{A94610D7-E58C-4073-A9C3-EE1401FF7DBD}.Debug|iPhoneSimulator.Deploy.0 = Debug|Any CPU
		{A94610D7-E58C-4073-A9C3-EE1401FF7DBD}.Debug|x64.ActiveCfg = Debug|Any CPU
		{A94610D7-E58C-4073-A9C3-EE1401FF7DBD}.Debug|x64.Build.0 = Debug|Any CPU
		{A94610D7-E58C-4073-A9C3-EE1401FF7DBD}.Debug|x64.Deploy.0 = Debug|Any CPU
		{A94610D7-E58C-4073-A9C3-EE1401FF7DBD}.Debug|x86.ActiveCfg = Debug|Any CPU
		{A94610D7-E58C-4073-A9C3-EE1401FF7DBD}.Debug|x86.Build.0 = Debug|Any CPU
		{A94610D7-E58C-4073-A9C3-EE1401FF7DBD}.Debug|x86.Deploy.0 = Debug|Any CPU
		{A94610D7-E58C-4073-A9C3-EE1401FF7DBD}.Release|Any CPU.ActiveCfg = Release|Any CPU
		{A94610D7-E58C-4073-A9C3-EE1401FF7DBD}.Release|Any CPU.Build.0 = Release|Any CPU
		{A94610D7-E58C-4073-A9C3-EE1401FF7DBD}.Release|Any CPU.Deploy.0 = Release|Any CPU
		{A94610D7-E58C-4073-A9C3-EE1401FF7DBD}.Release|ARM.ActiveCfg = Release|Any CPU
		{A94610D7-E58C-4073-A9C3-EE1401FF7DBD}.Release|ARM.Build.0 = Release|Any CPU
		{A94610D7-E58C-4073-A9C3-EE1401FF7DBD}.Release|ARM.Deploy.0 = Release|Any CPU
		{A94610D7-E58C-4073-A9C3-EE1401FF7DBD}.Release|iPhone.ActiveCfg = Release|Any CPU
		{A94610D7-E58C-4073-A9C3-EE1401FF7DBD}.Release|iPhone.Build.0 = Release|Any CPU
		{A94610D7-E58C-4073-A9C3-EE1401FF7DBD}.Release|iPhone.Deploy.0 = Release|Any CPU
		{A94610D7-E58C-4073-A9C3-EE1401FF7DBD}.Release|iPhoneSimulator.ActiveCfg = Release|Any CPU
		{A94610D7-E58C-4073-A9C3-EE1401FF7DBD}.Release|iPhoneSimulator.Build.0 = Release|Any CPU
		{A94610D7-E58C-4073-A9C3-EE1401FF7DBD}.Release|iPhoneSimulator.Deploy.0 = Release|Any CPU
		{A94610D7-E58C-4073-A9C3-EE1401FF7DBD}.Release|x64.ActiveCfg = Release|Any CPU
		{A94610D7-E58C-4073-A9C3-EE1401FF7DBD}.Release|x64.Build.0 = Release|Any CPU
		{A94610D7-E58C-4073-A9C3-EE1401FF7DBD}.Release|x64.Deploy.0 = Release|Any CPU
		{A94610D7-E58C-4073-A9C3-EE1401FF7DBD}.Release|x86.ActiveCfg = Release|Any CPU
		{A94610D7-E58C-4073-A9C3-EE1401FF7DBD}.Release|x86.Build.0 = Release|Any CPU
		{A94610D7-E58C-4073-A9C3-EE1401FF7DBD}.Release|x86.Deploy.0 = Release|Any CPU
	EndGlobalSection
	GlobalSection(SolutionProperties) = preSolution
		HideSolutionNode = FALSE
	EndGlobalSection
	GlobalSection(ExtensibilityGlobals) = postSolution
		SolutionGuid = {F17330BF-A281-4439-BD77-1375356554BC}
	EndGlobalSection
EndGlobal
